// !$*UTF8*$!
{
	archiveVersion = 1;
	classes = {
	};
	objectVersion = 50;
	objects = {

/* Begin PBXBuildFile section */
		69348BED89417A19BC7D455E /* libPods-KLineDemo.a in Frameworks */ = {isa = PBXBuildFile; fileRef = 213A3B90F650AE94C6D8EFCB /* libPods-KLineDemo.a */; };
		6D5F3D2F244EC6EC0064E258 /* KLineLocalJsonData.json in Resources */ = {isa = PBXBuildFile; fileRef = 6D5F3D2E244EC6EC0064E258 /* KLineLocalJsonData.json */; };
		819BB92222E013330039A34B /* AppDelegate.m in Sources */ = {isa = PBXBuildFile; fileRef = 819BB92122E013330039A34B /* AppDelegate.m */; };
		819BB92522E013330039A34B /* ViewController.m in Sources */ = {isa = PBXBuildFile; fileRef = 819BB92422E013330039A34B /* ViewController.m */; };
		819BB92A22E013350039A34B /* Assets.xcassets in Resources */ = {isa = PBXBuildFile; fileRef = 819BB92922E013350039A34B /* Assets.xcassets */; };
		819BB92D22E013350039A34B /* LaunchScreen.storyboard in Resources */ = {isa = PBXBuildFile; fileRef = 819BB92B22E013350039A34B /* LaunchScreen.storyboard */; };
		819BB93022E013350039A34B /* main.m in Sources */ = {isa = PBXBuildFile; fileRef = 819BB92F22E013350039A34B /* main.m */; };
		819BB9A822E0135C0039A34B /* BTStockChartViewController.m in Sources */ = {isa = PBXBuildFile; fileRef = 819BB93822E0135B0039A34B /* BTStockChartViewController.m */; };
		819BB9A922E0135C0039A34B /* LineKFullScreenViewController.m in Sources */ = {isa = PBXBuildFile; fileRef = 819BB93B22E0135B0039A34B /* LineKFullScreenViewController.m */; };
		819BB9AA22E0135C0039A34B /* BTTargetView.m in Sources */ = {isa = PBXBuildFile; fileRef = 819BB93D22E0135B0039A34B /* BTTargetView.m */; };
		819BB9AB22E0135C0039A34B /* BTBiInfoModel.m in Sources */ = {isa = PBXBuildFile; fileRef = 819BB93F22E0135B0039A34B /* BTBiInfoModel.m */; };
		819BB9B522E0135C0039A34B /* BTScreenshotsPopView.m in Sources */ = {isa = PBXBuildFile; fileRef = 819BB95222E0135B0039A34B /* BTScreenshotsPopView.m */; };
		819BB9B822E0135C0039A34B /* Y_StockChartGlobalVariable.m in Sources */ = {isa = PBXBuildFile; fileRef = 819BB95F22E0135C0039A34B /* Y_StockChartGlobalVariable.m */; };
		819BB9B922E0135C0039A34B /* UIBezierPath+YKBezierPath.m in Sources */ = {isa = PBXBuildFile; fileRef = 819BB96122E0135C0039A34B /* UIBezierPath+YKBezierPath.m */; };
		819BB9BA22E0135C0039A34B /* CAShapeLayer+YKCandleLayer.m in Sources */ = {isa = PBXBuildFile; fileRef = 819BB96422E0135C0039A34B /* CAShapeLayer+YKCandleLayer.m */; };
		819BB9BB22E0135C0039A34B /* CAShapeLayer+YKLineLayer.m in Sources */ = {isa = PBXBuildFile; fileRef = 819BB96522E0135C0039A34B /* CAShapeLayer+YKLineLayer.m */; };
		819BB9BC22E0135C0039A34B /* CATextLayer+DateTextLayer.m in Sources */ = {isa = PBXBuildFile; fileRef = 819BB96822E0135C0039A34B /* CATextLayer+DateTextLayer.m */; };
		819BB9BD22E0135C0039A34B /* UIColor+Y_StockChart.m in Sources */ = {isa = PBXBuildFile; fileRef = 819BB96D22E0135C0039A34B /* UIColor+Y_StockChart.m */; };
		819BB9BE22E0135C0039A34B /* Y_StockChartView.m in Sources */ = {isa = PBXBuildFile; fileRef = 819BB96E22E0135C0039A34B /* Y_StockChartView.m */; };
		819BB9C022E0135C0039A34B /* CFCursorView.m in Sources */ = {isa = PBXBuildFile; fileRef = 819BB97322E0135C0039A34B /* CFCursorView.m */; };
		819BB9C122E0135C0039A34B /* CFDeepView.m in Sources */ = {isa = PBXBuildFile; fileRef = 819BB97422E0135C0039A34B /* CFDeepView.m */; };
		819BB9C222E0135C0039A34B /* Y_KLineMAView.m in Sources */ = {isa = PBXBuildFile; fileRef = 819BB97922E0135C0039A34B /* Y_KLineMAView.m */; };
		819BB9C322E0135C0039A34B /* Y_KLineView.m in Sources */ = {isa = PBXBuildFile; fileRef = 819BB97A22E0135C0039A34B /* Y_KLineView.m */; };
		819BB9C422E0135C0039A34B /* Y_StockChartRightYView.m in Sources */ = {isa = PBXBuildFile; fileRef = 819BB97C22E0135C0039A34B /* Y_StockChartRightYView.m */; };
		819BB9C522E0135C0039A34B /* Y_VolumeMAView.m in Sources */ = {isa = PBXBuildFile; fileRef = 819BB98122E0135C0039A34B /* Y_VolumeMAView.m */; };
		819BB9C622E0135C0039A34B /* Y_KLineAccessoryView.m in Sources */ = {isa = PBXBuildFile; fileRef = 819BB98322E0135C0039A34B /* Y_KLineAccessoryView.m */; };
		819BB9C722E0135C0039A34B /* Y_KLineAccessory.m in Sources */ = {isa = PBXBuildFile; fileRef = 819BB98622E0135C0039A34B /* Y_KLineAccessory.m */; };
		819BB9C822E0135C0039A34B /* Y_AccessoryMAView.m in Sources */ = {isa = PBXBuildFile; fileRef = 819BB98922E0135C0039A34B /* Y_AccessoryMAView.m */; };
		819BB9C922E0135C0039A34B /* Y_KLinePositionModel.m in Sources */ = {isa = PBXBuildFile; fileRef = 819BB98D22E0135C0039A34B /* Y_KLinePositionModel.m */; };
		819BB9CA22E0135C0039A34B /* Y_KLineModel.m in Sources */ = {isa = PBXBuildFile; fileRef = 819BB99222E0135C0039A34B /* Y_KLineModel.m */; };
		819BB9CB22E0135C0039A34B /* Y_KLineGroupModel.m in Sources */ = {isa = PBXBuildFile; fileRef = 819BB99322E0135C0039A34B /* Y_KLineGroupModel.m */; };
		819BB9CC22E0135C0039A34B /* Y_KLineVolumePositionModel.m in Sources */ = {isa = PBXBuildFile; fileRef = 819BB99422E0135C0039A34B /* Y_KLineVolumePositionModel.m */; };
		819BB9CD22E0135C0039A34B /* Y_KLineVolumeView.m in Sources */ = {isa = PBXBuildFile; fileRef = 819BB99722E0135C0039A34B /* Y_KLineVolumeView.m */; };
		819BB9CE22E0135C0039A34B /* Y_KLineVolume.m in Sources */ = {isa = PBXBuildFile; fileRef = 819BB99922E0135C0039A34B /* Y_KLineVolume.m */; };
		819BB9CF22E0135C0039A34B /* Y_KLineMainView.m in Sources */ = {isa = PBXBuildFile; fileRef = 819BB99D22E0135C0039A34B /* Y_KLineMainView.m */; };
		819BB9D022E0135C0039A34B /* Y_MALine.m in Sources */ = {isa = PBXBuildFile; fileRef = 819BB9A122E0135C0039A34B /* Y_MALine.m */; };
		819BB9D122E0135C0039A34B /* Y_KLine.m in Sources */ = {isa = PBXBuildFile; fileRef = 819BB9A222E0135C0039A34B /* Y_KLine.m */; };
		819BB9D222E0135C0039A34B /* BTKLineTipBoardView.m in Sources */ = {isa = PBXBuildFile; fileRef = 819BB9A422E0135C0039A34B /* BTKLineTipBoardView.m */; };
		819BB9D322E0135C0039A34B /* Y_StockChartSegmentView.m in Sources */ = {isa = PBXBuildFile; fileRef = 819BB9A622E0135C0039A34B /* Y_StockChartSegmentView.m */; };
		819BB9D822E014540039A34B /* CommonMethod.m in Sources */ = {isa = PBXBuildFile; fileRef = 819BB9D622E014540039A34B /* CommonMethod.m */; };
		819BBA2922E017750039A34B /* UIButton+ImageTitleSpacing.m in Sources */ = {isa = PBXBuildFile; fileRef = 819BBA2822E017750039A34B /* UIButton+ImageTitleSpacing.m */; };
		819BBA2C22E0184C0039A34B /* BTBiModel.m in Sources */ = {isa = PBXBuildFile; fileRef = 819BBA2B22E0184C0039A34B /* BTBiModel.m */; };
		819BBA2F22E018980039A34B /* UIView+Extension.m in Sources */ = {isa = PBXBuildFile; fileRef = 819BBA2E22E018980039A34B /* UIView+Extension.m */; };
		819BBA3322E0191D0039A34B /* BTMarketModel.m in Sources */ = {isa = PBXBuildFile; fileRef = 819BBA3222E0191D0039A34B /* BTMarketModel.m */; };
		819BBA3622E019300039A34B /* BTDealMarketModel.m in Sources */ = {isa = PBXBuildFile; fileRef = 819BBA3522E019300039A34B /* BTDealMarketModel.m */; };
		819BBA3922E01A710039A34B /* UIView+tap.m in Sources */ = {isa = PBXBuildFile; fileRef = 819BBA3822E01A710039A34B /* UIView+tap.m */; };
		819BBA3C22E01AA10039A34B /* UILabel+TextSpace.m in Sources */ = {isa = PBXBuildFile; fileRef = 819BBA3B22E01AA10039A34B /* UILabel+TextSpace.m */; };
		819BBA3F22E01AB60039A34B /* NSString+WH.m in Sources */ = {isa = PBXBuildFile; fileRef = 819BBA3E22E01AB60039A34B /* NSString+WH.m */; };
		819BBA4222E01CA70039A34B /* FDNetworkHelper.m in Sources */ = {isa = PBXBuildFile; fileRef = 819BBA4122E01CA70039A34B /* FDNetworkHelper.m */; };
		819BBA4522E0209E0039A34B /* UIViewController+INMOChildViewControlers.m in Sources */ = {isa = PBXBuildFile; fileRef = 819BBA4322E0209E0039A34B /* UIViewController+INMOChildViewControlers.m */; };
		819BBA4822E0232D0039A34B /* UIButton+WHButton.m in Sources */ = {isa = PBXBuildFile; fileRef = 819BBA4622E0232D0039A34B /* UIButton+WHButton.m */; };
		819BBA6E22E073370039A34B /* Util.m in Sources */ = {isa = PBXBuildFile; fileRef = 819BBA6D22E073370039A34B /* Util.m */; };
/* End PBXBuildFile section */

/* Begin PBXFileReference section */
		213A3B90F650AE94C6D8EFCB /* libPods-KLineDemo.a */ = {isa = PBXFileReference; explicitFileType = archive.ar; includeInIndex = 0; path = "libPods-KLineDemo.a"; sourceTree = BUILT_PRODUCTS_DIR; };
		6D5F3D2E244EC6EC0064E258 /* KLineLocalJsonData.json */ = {isa = PBXFileReference; fileEncoding = 4; lastKnownFileType = text.json; path = KLineLocalJsonData.json; sourceTree = "<group>"; };
		819BB91D22E013330039A34B /* KLineDemo.app */ = {isa = PBXFileReference; explicitFileType = wrapper.application; includeInIndex = 0; path = KLineDemo.app; sourceTree = BUILT_PRODUCTS_DIR; };
		819BB92022E013330039A34B /* AppDelegate.h */ = {isa = PBXFileReference; lastKnownFileType = sourcecode.c.h; path = AppDelegate.h; sourceTree = "<group>"; };
		819BB92122E013330039A34B /* AppDelegate.m */ = {isa = PBXFileReference; lastKnownFileType = sourcecode.c.objc; path = AppDelegate.m; sourceTree = "<group>"; };
		819BB92322E013330039A34B /* ViewController.h */ = {isa = PBXFileReference; lastKnownFileType = sourcecode.c.h; path = ViewController.h; sourceTree = "<group>"; };
		819BB92422E013330039A34B /* ViewController.m */ = {isa = PBXFileReference; lastKnownFileType = sourcecode.c.objc; path = ViewController.m; sourceTree = "<group>"; };
		819BB92922E013350039A34B /* Assets.xcassets */ = {isa = PBXFileReference; lastKnownFileType = folder.assetcatalog; path = Assets.xcassets; sourceTree = "<group>"; };
		819BB92C22E013350039A34B /* Base */ = {isa = PBXFileReference; lastKnownFileType = file.storyboard; name = Base; path = Base.lproj/LaunchScreen.storyboard; sourceTree = "<group>"; };
		819BB92E22E013350039A34B /* Info.plist */ = {isa = PBXFileReference; lastKnownFileType = text.plist.xml; path = Info.plist; sourceTree = "<group>"; };
		819BB92F22E013350039A34B /* main.m */ = {isa = PBXFileReference; lastKnownFileType = sourcecode.c.objc; path = main.m; sourceTree = "<group>"; };
		819BB93822E0135B0039A34B /* BTStockChartViewController.m */ = {isa = PBXFileReference; fileEncoding = 4; lastKnownFileType = sourcecode.c.objc; path = BTStockChartViewController.m; sourceTree = "<group>"; };
		819BB93922E0135B0039A34B /* LineKFullScreenViewController.h */ = {isa = PBXFileReference; fileEncoding = 4; lastKnownFileType = sourcecode.c.h; path = LineKFullScreenViewController.h; sourceTree = "<group>"; };
		819BB93A22E0135B0039A34B /* BTTargetView.h */ = {isa = PBXFileReference; fileEncoding = 4; lastKnownFileType = sourcecode.c.h; path = BTTargetView.h; sourceTree = "<group>"; };
		819BB93B22E0135B0039A34B /* LineKFullScreenViewController.m */ = {isa = PBXFileReference; fileEncoding = 4; lastKnownFileType = sourcecode.c.objc; path = LineKFullScreenViewController.m; sourceTree = "<group>"; };
		819BB93C22E0135B0039A34B /* BTStockChartViewController.h */ = {isa = PBXFileReference; fileEncoding = 4; lastKnownFileType = sourcecode.c.h; path = BTStockChartViewController.h; sourceTree = "<group>"; };
		819BB93D22E0135B0039A34B /* BTTargetView.m */ = {isa = PBXFileReference; fileEncoding = 4; lastKnownFileType = sourcecode.c.objc; path = BTTargetView.m; sourceTree = "<group>"; };
		819BB93F22E0135B0039A34B /* BTBiInfoModel.m */ = {isa = PBXFileReference; fileEncoding = 4; lastKnownFileType = sourcecode.c.objc; path = BTBiInfoModel.m; sourceTree = "<group>"; };
		819BB94022E0135B0039A34B /* BTBiInfoModel.h */ = {isa = PBXFileReference; fileEncoding = 4; lastKnownFileType = sourcecode.c.h; path = BTBiInfoModel.h; sourceTree = "<group>"; };
		819BB94522E0135B0039A34B /* BTScreenshotsPopView.h */ = {isa = PBXFileReference; fileEncoding = 4; lastKnownFileType = sourcecode.c.h; path = BTScreenshotsPopView.h; sourceTree = "<group>"; };
		819BB95222E0135B0039A34B /* BTScreenshotsPopView.m */ = {isa = PBXFileReference; fileEncoding = 4; lastKnownFileType = sourcecode.c.objc; path = BTScreenshotsPopView.m; sourceTree = "<group>"; };
		819BB95B22E0135C0039A34B /* Y_StockChartView.h */ = {isa = PBXFileReference; fileEncoding = 4; lastKnownFileType = sourcecode.c.h; path = Y_StockChartView.h; sourceTree = "<group>"; };
		819BB95E22E0135C0039A34B /* Y_StockChartGlobalVariable.h */ = {isa = PBXFileReference; fileEncoding = 4; lastKnownFileType = sourcecode.c.h; path = Y_StockChartGlobalVariable.h; sourceTree = "<group>"; };
		819BB95F22E0135C0039A34B /* Y_StockChartGlobalVariable.m */ = {isa = PBXFileReference; fileEncoding = 4; lastKnownFileType = sourcecode.c.objc; path = Y_StockChartGlobalVariable.m; sourceTree = "<group>"; };
		819BB96122E0135C0039A34B /* UIBezierPath+YKBezierPath.m */ = {isa = PBXFileReference; fileEncoding = 4; lastKnownFileType = sourcecode.c.objc; path = "UIBezierPath+YKBezierPath.m"; sourceTree = "<group>"; };
		819BB96222E0135C0039A34B /* CAShapeLayer+YKLineLayer.h */ = {isa = PBXFileReference; fileEncoding = 4; lastKnownFileType = sourcecode.c.h; path = "CAShapeLayer+YKLineLayer.h"; sourceTree = "<group>"; };
		819BB96322E0135C0039A34B /* CATextLayer+DateTextLayer.h */ = {isa = PBXFileReference; fileEncoding = 4; lastKnownFileType = sourcecode.c.h; path = "CATextLayer+DateTextLayer.h"; sourceTree = "<group>"; };
		819BB96422E0135C0039A34B /* CAShapeLayer+YKCandleLayer.m */ = {isa = PBXFileReference; fileEncoding = 4; lastKnownFileType = sourcecode.c.objc; path = "CAShapeLayer+YKCandleLayer.m"; sourceTree = "<group>"; };
		819BB96522E0135C0039A34B /* CAShapeLayer+YKLineLayer.m */ = {isa = PBXFileReference; fileEncoding = 4; lastKnownFileType = sourcecode.c.objc; path = "CAShapeLayer+YKLineLayer.m"; sourceTree = "<group>"; };
		819BB96622E0135C0039A34B /* UIBezierPath+YKBezierPath.h */ = {isa = PBXFileReference; fileEncoding = 4; lastKnownFileType = sourcecode.c.h; path = "UIBezierPath+YKBezierPath.h"; sourceTree = "<group>"; };
		819BB96722E0135C0039A34B /* CAShapeLayer+YKCandleLayer.h */ = {isa = PBXFileReference; fileEncoding = 4; lastKnownFileType = sourcecode.c.h; path = "CAShapeLayer+YKCandleLayer.h"; sourceTree = "<group>"; };
		819BB96822E0135C0039A34B /* CATextLayer+DateTextLayer.m */ = {isa = PBXFileReference; fileEncoding = 4; lastKnownFileType = sourcecode.c.objc; path = "CATextLayer+DateTextLayer.m"; sourceTree = "<group>"; };
		819BB96A22E0135C0039A34B /* Y_StockChartConstant.h */ = {isa = PBXFileReference; fileEncoding = 4; lastKnownFileType = sourcecode.c.h; path = Y_StockChartConstant.h; sourceTree = "<group>"; };
		819BB96C22E0135C0039A34B /* UIColor+Y_StockChart.h */ = {isa = PBXFileReference; fileEncoding = 4; lastKnownFileType = sourcecode.c.h; path = "UIColor+Y_StockChart.h"; sourceTree = "<group>"; };
		819BB96D22E0135C0039A34B /* UIColor+Y_StockChart.m */ = {isa = PBXFileReference; fileEncoding = 4; lastKnownFileType = sourcecode.c.objc; path = "UIColor+Y_StockChart.m"; sourceTree = "<group>"; };
		819BB96E22E0135C0039A34B /* Y_StockChartView.m */ = {isa = PBXFileReference; fileEncoding = 4; lastKnownFileType = sourcecode.c.objc; path = Y_StockChartView.m; sourceTree = "<group>"; };
		819BB97122E0135C0039A34B /* CFDeepView.h */ = {isa = PBXFileReference; fileEncoding = 4; lastKnownFileType = sourcecode.c.h; path = CFDeepView.h; sourceTree = "<group>"; };
		819BB97222E0135C0039A34B /* CFCursorView.h */ = {isa = PBXFileReference; fileEncoding = 4; lastKnownFileType = sourcecode.c.h; path = CFCursorView.h; sourceTree = "<group>"; };
		819BB97322E0135C0039A34B /* CFCursorView.m */ = {isa = PBXFileReference; fileEncoding = 4; lastKnownFileType = sourcecode.c.objc; path = CFCursorView.m; sourceTree = "<group>"; };
		819BB97422E0135C0039A34B /* CFDeepView.m */ = {isa = PBXFileReference; fileEncoding = 4; lastKnownFileType = sourcecode.c.objc; path = CFDeepView.m; sourceTree = "<group>"; };
		819BB97822E0135C0039A34B /* Y_KLineMAView.h */ = {isa = PBXFileReference; fileEncoding = 4; lastKnownFileType = sourcecode.c.h; path = Y_KLineMAView.h; sourceTree = "<group>"; };
		819BB97922E0135C0039A34B /* Y_KLineMAView.m */ = {isa = PBXFileReference; fileEncoding = 4; lastKnownFileType = sourcecode.c.objc; path = Y_KLineMAView.m; sourceTree = "<group>"; };
		819BB97A22E0135C0039A34B /* Y_KLineView.m */ = {isa = PBXFileReference; fileEncoding = 4; lastKnownFileType = sourcecode.c.objc; path = Y_KLineView.m; sourceTree = "<group>"; };
		819BB97C22E0135C0039A34B /* Y_StockChartRightYView.m */ = {isa = PBXFileReference; fileEncoding = 4; lastKnownFileType = sourcecode.c.objc; path = Y_StockChartRightYView.m; sourceTree = "<group>"; };
		819BB97D22E0135C0039A34B /* Y_StockChartRightYView.h */ = {isa = PBXFileReference; fileEncoding = 4; lastKnownFileType = sourcecode.c.h; path = Y_StockChartRightYView.h; sourceTree = "<group>"; };
		819BB97E22E0135C0039A34B /* BTKLineTipBoardView.h */ = {isa = PBXFileReference; fileEncoding = 4; lastKnownFileType = sourcecode.c.h; path = BTKLineTipBoardView.h; sourceTree = "<group>"; };
		819BB98022E0135C0039A34B /* Y_VolumeMAView.h */ = {isa = PBXFileReference; fileEncoding = 4; lastKnownFileType = sourcecode.c.h; path = Y_VolumeMAView.h; sourceTree = "<group>"; };
		819BB98122E0135C0039A34B /* Y_VolumeMAView.m */ = {isa = PBXFileReference; fileEncoding = 4; lastKnownFileType = sourcecode.c.objc; path = Y_VolumeMAView.m; sourceTree = "<group>"; };
		819BB98322E0135C0039A34B /* Y_KLineAccessoryView.m */ = {isa = PBXFileReference; fileEncoding = 4; lastKnownFileType = sourcecode.c.objc; path = Y_KLineAccessoryView.m; sourceTree = "<group>"; };
		819BB98522E0135C0039A34B /* Y_KLineAccessory.h */ = {isa = PBXFileReference; fileEncoding = 4; lastKnownFileType = sourcecode.c.h; path = Y_KLineAccessory.h; sourceTree = "<group>"; };
		819BB98622E0135C0039A34B /* Y_KLineAccessory.m */ = {isa = PBXFileReference; fileEncoding = 4; lastKnownFileType = sourcecode.c.objc; path = Y_KLineAccessory.m; sourceTree = "<group>"; };
		819BB98722E0135C0039A34B /* Y_KLineAccessoryView.h */ = {isa = PBXFileReference; fileEncoding = 4; lastKnownFileType = sourcecode.c.h; path = Y_KLineAccessoryView.h; sourceTree = "<group>"; };
		819BB98922E0135C0039A34B /* Y_AccessoryMAView.m */ = {isa = PBXFileReference; fileEncoding = 4; lastKnownFileType = sourcecode.c.objc; path = Y_AccessoryMAView.m; sourceTree = "<group>"; };
		819BB98A22E0135C0039A34B /* Y_AccessoryMAView.h */ = {isa = PBXFileReference; fileEncoding = 4; lastKnownFileType = sourcecode.c.h; path = Y_AccessoryMAView.h; sourceTree = "<group>"; };
		819BB98D22E0135C0039A34B /* Y_KLinePositionModel.m */ = {isa = PBXFileReference; fileEncoding = 4; lastKnownFileType = sourcecode.c.objc; path = Y_KLinePositionModel.m; sourceTree = "<group>"; };
		819BB98E22E0135C0039A34B /* Y_KLineModel.h */ = {isa = PBXFileReference; fileEncoding = 4; lastKnownFileType = sourcecode.c.h; path = Y_KLineModel.h; sourceTree = "<group>"; };
		819BB98F22E0135C0039A34B /* Y_KLineGroupModel.h */ = {isa = PBXFileReference; fileEncoding = 4; lastKnownFileType = sourcecode.c.h; path = Y_KLineGroupModel.h; sourceTree = "<group>"; };
		819BB99022E0135C0039A34B /* Y_KLineVolumePositionModel.h */ = {isa = PBXFileReference; fileEncoding = 4; lastKnownFileType = sourcecode.c.h; path = Y_KLineVolumePositionModel.h; sourceTree = "<group>"; };
		819BB99122E0135C0039A34B /* Y_KLinePositionModel.h */ = {isa = PBXFileReference; fileEncoding = 4; lastKnownFileType = sourcecode.c.h; path = Y_KLinePositionModel.h; sourceTree = "<group>"; };
		819BB99222E0135C0039A34B /* Y_KLineModel.m */ = {isa = PBXFileReference; fileEncoding = 4; lastKnownFileType = sourcecode.c.objc; path = Y_KLineModel.m; sourceTree = "<group>"; };
		819BB99322E0135C0039A34B /* Y_KLineGroupModel.m */ = {isa = PBXFileReference; fileEncoding = 4; lastKnownFileType = sourcecode.c.objc; path = Y_KLineGroupModel.m; sourceTree = "<group>"; };
		819BB99422E0135C0039A34B /* Y_KLineVolumePositionModel.m */ = {isa = PBXFileReference; fileEncoding = 4; lastKnownFileType = sourcecode.c.objc; path = Y_KLineVolumePositionModel.m; sourceTree = "<group>"; };
		819BB99522E0135C0039A34B /* Y_KLineView.h */ = {isa = PBXFileReference; fileEncoding = 4; lastKnownFileType = sourcecode.c.h; path = Y_KLineView.h; sourceTree = "<group>"; };
		819BB99722E0135C0039A34B /* Y_KLineVolumeView.m */ = {isa = PBXFileReference; fileEncoding = 4; lastKnownFileType = sourcecode.c.objc; path = Y_KLineVolumeView.m; sourceTree = "<group>"; };
		819BB99922E0135C0039A34B /* Y_KLineVolume.m */ = {isa = PBXFileReference; fileEncoding = 4; lastKnownFileType = sourcecode.c.objc; path = Y_KLineVolume.m; sourceTree = "<group>"; };
		819BB99A22E0135C0039A34B /* Y_KLineVolume.h */ = {isa = PBXFileReference; fileEncoding = 4; lastKnownFileType = sourcecode.c.h; path = Y_KLineVolume.h; sourceTree = "<group>"; };
		819BB99B22E0135C0039A34B /* Y_KLineVolumeView.h */ = {isa = PBXFileReference; fileEncoding = 4; lastKnownFileType = sourcecode.c.h; path = Y_KLineVolumeView.h; sourceTree = "<group>"; };
		819BB99D22E0135C0039A34B /* Y_KLineMainView.m */ = {isa = PBXFileReference; fileEncoding = 4; lastKnownFileType = sourcecode.c.objc; path = Y_KLineMainView.m; sourceTree = "<group>"; };
		819BB99F22E0135C0039A34B /* Y_MALine.h */ = {isa = PBXFileReference; fileEncoding = 4; lastKnownFileType = sourcecode.c.h; path = Y_MALine.h; sourceTree = "<group>"; };
		819BB9A022E0135C0039A34B /* Y_KLine.h */ = {isa = PBXFileReference; fileEncoding = 4; lastKnownFileType = sourcecode.c.h; path = Y_KLine.h; sourceTree = "<group>"; };
		819BB9A122E0135C0039A34B /* Y_MALine.m */ = {isa = PBXFileReference; fileEncoding = 4; lastKnownFileType = sourcecode.c.objc; path = Y_MALine.m; sourceTree = "<group>"; };
		819BB9A222E0135C0039A34B /* Y_KLine.m */ = {isa = PBXFileReference; fileEncoding = 4; lastKnownFileType = sourcecode.c.objc; path = Y_KLine.m; sourceTree = "<group>"; };
		819BB9A322E0135C0039A34B /* Y_KLineMainView.h */ = {isa = PBXFileReference; fileEncoding = 4; lastKnownFileType = sourcecode.c.h; path = Y_KLineMainView.h; sourceTree = "<group>"; };
		819BB9A422E0135C0039A34B /* BTKLineTipBoardView.m */ = {isa = PBXFileReference; fileEncoding = 4; lastKnownFileType = sourcecode.c.objc; path = BTKLineTipBoardView.m; sourceTree = "<group>"; };
		819BB9A622E0135C0039A34B /* Y_StockChartSegmentView.m */ = {isa = PBXFileReference; fileEncoding = 4; lastKnownFileType = sourcecode.c.objc; path = Y_StockChartSegmentView.m; sourceTree = "<group>"; };
		819BB9A722E0135C0039A34B /* Y_StockChartSegmentView.h */ = {isa = PBXFileReference; fileEncoding = 4; lastKnownFileType = sourcecode.c.h; path = Y_StockChartSegmentView.h; sourceTree = "<group>"; };
		819BB9D622E014540039A34B /* CommonMethod.m */ = {isa = PBXFileReference; fileEncoding = 4; lastKnownFileType = sourcecode.c.objc; path = CommonMethod.m; sourceTree = "<group>"; };
		819BB9D722E014540039A34B /* CommonMethod.h */ = {isa = PBXFileReference; fileEncoding = 4; lastKnownFileType = sourcecode.c.h; path = CommonMethod.h; sourceTree = "<group>"; };
		819BB9D922E014D70039A34B /* KLineDemo.pch */ = {isa = PBXFileReference; fileEncoding = 4; lastKnownFileType = sourcecode.c.h; path = KLineDemo.pch; sourceTree = "<group>"; };
		819BBA2722E017750039A34B /* UIButton+ImageTitleSpacing.h */ = {isa = PBXFileReference; fileEncoding = 4; lastKnownFileType = sourcecode.c.h; path = "UIButton+ImageTitleSpacing.h"; sourceTree = "<group>"; };
		819BBA2822E017750039A34B /* UIButton+ImageTitleSpacing.m */ = {isa = PBXFileReference; fileEncoding = 4; lastKnownFileType = sourcecode.c.objc; path = "UIButton+ImageTitleSpacing.m"; sourceTree = "<group>"; };
		819BBA2A22E0184C0039A34B /* BTBiModel.h */ = {isa = PBXFileReference; fileEncoding = 4; lastKnownFileType = sourcecode.c.h; path = BTBiModel.h; sourceTree = "<group>"; };
		819BBA2B22E0184C0039A34B /* BTBiModel.m */ = {isa = PBXFileReference; fileEncoding = 4; lastKnownFileType = sourcecode.c.objc; path = BTBiModel.m; sourceTree = "<group>"; };
		819BBA2D22E018980039A34B /* UIView+Extension.h */ = {isa = PBXFileReference; fileEncoding = 4; lastKnownFileType = sourcecode.c.h; path = "UIView+Extension.h"; sourceTree = "<group>"; };
		819BBA2E22E018980039A34B /* UIView+Extension.m */ = {isa = PBXFileReference; fileEncoding = 4; lastKnownFileType = sourcecode.c.objc; path = "UIView+Extension.m"; sourceTree = "<group>"; };
		819BBA3122E0191D0039A34B /* BTMarketModel.h */ = {isa = PBXFileReference; fileEncoding = 4; lastKnownFileType = sourcecode.c.h; path = BTMarketModel.h; sourceTree = "<group>"; };
		819BBA3222E0191D0039A34B /* BTMarketModel.m */ = {isa = PBXFileReference; fileEncoding = 4; lastKnownFileType = sourcecode.c.objc; path = BTMarketModel.m; sourceTree = "<group>"; };
		819BBA3422E019300039A34B /* BTDealMarketModel.h */ = {isa = PBXFileReference; fileEncoding = 4; lastKnownFileType = sourcecode.c.h; path = BTDealMarketModel.h; sourceTree = "<group>"; };
		819BBA3522E019300039A34B /* BTDealMarketModel.m */ = {isa = PBXFileReference; fileEncoding = 4; lastKnownFileType = sourcecode.c.objc; path = BTDealMarketModel.m; sourceTree = "<group>"; };
		819BBA3722E01A700039A34B /* UIView+tap.h */ = {isa = PBXFileReference; fileEncoding = 4; lastKnownFileType = sourcecode.c.h; path = "UIView+tap.h"; sourceTree = "<group>"; };
		819BBA3822E01A710039A34B /* UIView+tap.m */ = {isa = PBXFileReference; fileEncoding = 4; lastKnownFileType = sourcecode.c.objc; path = "UIView+tap.m"; sourceTree = "<group>"; };
		819BBA3A22E01AA10039A34B /* UILabel+TextSpace.h */ = {isa = PBXFileReference; fileEncoding = 4; lastKnownFileType = sourcecode.c.h; path = "UILabel+TextSpace.h"; sourceTree = "<group>"; };
		819BBA3B22E01AA10039A34B /* UILabel+TextSpace.m */ = {isa = PBXFileReference; fileEncoding = 4; lastKnownFileType = sourcecode.c.objc; path = "UILabel+TextSpace.m"; sourceTree = "<group>"; };
		819BBA3D22E01AB60039A34B /* NSString+WH.h */ = {isa = PBXFileReference; fileEncoding = 4; lastKnownFileType = sourcecode.c.h; path = "NSString+WH.h"; sourceTree = "<group>"; };
		819BBA3E22E01AB60039A34B /* NSString+WH.m */ = {isa = PBXFileReference; fileEncoding = 4; lastKnownFileType = sourcecode.c.objc; path = "NSString+WH.m"; sourceTree = "<group>"; };
		819BBA4022E01CA70039A34B /* FDNetworkHelper.h */ = {isa = PBXFileReference; fileEncoding = 4; lastKnownFileType = sourcecode.c.h; path = FDNetworkHelper.h; sourceTree = "<group>"; };
		819BBA4122E01CA70039A34B /* FDNetworkHelper.m */ = {isa = PBXFileReference; fileEncoding = 4; lastKnownFileType = sourcecode.c.objc; path = FDNetworkHelper.m; sourceTree = "<group>"; };
		819BBA4322E0209E0039A34B /* UIViewController+INMOChildViewControlers.m */ = {isa = PBXFileReference; fileEncoding = 4; lastKnownFileType = sourcecode.c.objc; path = "UIViewController+INMOChildViewControlers.m"; sourceTree = "<group>"; };
		819BBA4422E0209E0039A34B /* UIViewController+INMOChildViewControlers.h */ = {isa = PBXFileReference; fileEncoding = 4; lastKnownFileType = sourcecode.c.h; path = "UIViewController+INMOChildViewControlers.h"; sourceTree = "<group>"; };
		819BBA4622E0232D0039A34B /* UIButton+WHButton.m */ = {isa = PBXFileReference; fileEncoding = 4; lastKnownFileType = sourcecode.c.objc; path = "UIButton+WHButton.m"; sourceTree = "<group>"; };
		819BBA4722E0232D0039A34B /* UIButton+WHButton.h */ = {isa = PBXFileReference; fileEncoding = 4; lastKnownFileType = sourcecode.c.h; path = "UIButton+WHButton.h"; sourceTree = "<group>"; };
		819BBA6C22E073370039A34B /* Util.h */ = {isa = PBXFileReference; fileEncoding = 4; lastKnownFileType = sourcecode.c.h; path = Util.h; sourceTree = "<group>"; };
		819BBA6D22E073370039A34B /* Util.m */ = {isa = PBXFileReference; fileEncoding = 4; lastKnownFileType = sourcecode.c.objc; path = Util.m; sourceTree = "<group>"; };
		AB873E334F5C61E41BDC06C8 /* Pods-KLineDemo.debug.xcconfig */ = {isa = PBXFileReference; includeInIndex = 1; lastKnownFileType = text.xcconfig; name = "Pods-KLineDemo.debug.xcconfig"; path = "Target Support Files/Pods-KLineDemo/Pods-KLineDemo.debug.xcconfig"; sourceTree = "<group>"; };
		B58B6206D0812AC14A4F5282 /* Pods-KLineDemo.release.xcconfig */ = {isa = PBXFileReference; includeInIndex = 1; lastKnownFileType = text.xcconfig; name = "Pods-KLineDemo.release.xcconfig"; path = "Target Support Files/Pods-KLineDemo/Pods-KLineDemo.release.xcconfig"; sourceTree = "<group>"; };
/* End PBXFileReference section */

/* Begin PBXFrameworksBuildPhase section */
		819BB91A22E013330039A34B /* Frameworks */ = {
			isa = PBXFrameworksBuildPhase;
			buildActionMask = 2147483647;
			files = (
				69348BED89417A19BC7D455E /* libPods-KLineDemo.a in Frameworks */,
			);
			runOnlyForDeploymentPostprocessing = 0;
		};
/* End PBXFrameworksBuildPhase section */

/* Begin PBXGroup section */
		819BB91422E013330039A34B = {
			isa = PBXGroup;
			children = (
				819BB91F22E013330039A34B /* KLineDemo */,
				819BB91E22E013330039A34B /* Products */,
				85B116E365012CC184153564 /* Pods */,
				A580F28969678689102500DB /* Frameworks */,
			);
			sourceTree = "<group>";
		};
		819BB91E22E013330039A34B /* Products */ = {
			isa = PBXGroup;
			children = (
				819BB91D22E013330039A34B /* KLineDemo.app */,
			);
			name = Products;
			sourceTree = "<group>";
		};
		819BB91F22E013330039A34B /* KLineDemo */ = {
			isa = PBXGroup;
			children = (
				6D5F3D2E244EC6EC0064E258 /* KLineLocalJsonData.json */,
				819BB9D522E014330039A34B /* Other */,
				819BB93622E0135B0039A34B /* KLine */,
				819BB92022E013330039A34B /* AppDelegate.h */,
				819BB92122E013330039A34B /* AppDelegate.m */,
				819BBA3022E019010039A34B /* Model */,
				819BB92322E013330039A34B /* ViewController.h */,
				819BB92422E013330039A34B /* ViewController.m */,
				819BBA4022E01CA70039A34B /* FDNetworkHelper.h */,
				819BBA4122E01CA70039A34B /* FDNetworkHelper.m */,
				819BB92922E013350039A34B /* Assets.xcassets */,
				819BB92B22E013350039A34B /* LaunchScreen.storyboard */,
				819BB92E22E013350039A34B /* Info.plist */,
				819BB92F22E013350039A34B /* main.m */,
				819BB9D922E014D70039A34B /* KLineDemo.pch */,
			);
			path = KLineDemo;
			sourceTree = "<group>";
		};
		819BB93622E0135B0039A34B /* KLine */ = {
			isa = PBXGroup;
			children = (
				819BB93722E0135B0039A34B /* Controller */,
				819BB93E22E0135B0039A34B /* Model */,
				819BB94122E0135B0039A34B /* View */,
				819BB95A22E0135C0039A34B /* BTC_KLine */,
			);
			path = KLine;
			sourceTree = "<group>";
		};
		819BB93722E0135B0039A34B /* Controller */ = {
			isa = PBXGroup;
			children = (
				819BB93C22E0135B0039A34B /* BTStockChartViewController.h */,
				819BB93822E0135B0039A34B /* BTStockChartViewController.m */,
				819BB93922E0135B0039A34B /* LineKFullScreenViewController.h */,
				819BB93B22E0135B0039A34B /* LineKFullScreenViewController.m */,
				819BB93A22E0135B0039A34B /* BTTargetView.h */,
				819BB93D22E0135B0039A34B /* BTTargetView.m */,
			);
			path = Controller;
			sourceTree = "<group>";
		};
		819BB93E22E0135B0039A34B /* Model */ = {
			isa = PBXGroup;
			children = (
				819BB94022E0135B0039A34B /* BTBiInfoModel.h */,
				819BB93F22E0135B0039A34B /* BTBiInfoModel.m */,
			);
			path = Model;
			sourceTree = "<group>";
		};
		819BB94122E0135B0039A34B /* View */ = {
			isa = PBXGroup;
			children = (
				819BB94522E0135B0039A34B /* BTScreenshotsPopView.h */,
				819BB95222E0135B0039A34B /* BTScreenshotsPopView.m */,
			);
			path = View;
			sourceTree = "<group>";
		};
		819BB95A22E0135C0039A34B /* BTC_KLine */ = {
			isa = PBXGroup;
			children = (
				819BB95B22E0135C0039A34B /* Y_StockChartView.h */,
				819BB96E22E0135C0039A34B /* Y_StockChartView.m */,
				819BB95C22E0135C0039A34B /* Config */,
				819BB96F22E0135C0039A34B /* DeepView */,
				819BB97622E0135C0039A34B /* KLine */,
			);
			path = BTC_KLine;
			sourceTree = "<group>";
		};
		819BB95C22E0135C0039A34B /* Config */ = {
			isa = PBXGroup;
			children = (
				819BB95D22E0135C0039A34B /* GlobalVariable */,
				819BB96022E0135C0039A34B /* Category */,
				819BB96922E0135C0039A34B /* Constant */,
				819BB96B22E0135C0039A34B /* Theme */,
			);
			path = Config;
			sourceTree = "<group>";
		};
		819BB95D22E0135C0039A34B /* GlobalVariable */ = {
			isa = PBXGroup;
			children = (
				819BB95E22E0135C0039A34B /* Y_StockChartGlobalVariable.h */,
				819BB95F22E0135C0039A34B /* Y_StockChartGlobalVariable.m */,
			);
			path = GlobalVariable;
			sourceTree = "<group>";
		};
		819BB96022E0135C0039A34B /* Category */ = {
			isa = PBXGroup;
			children = (
				819BB96122E0135C0039A34B /* UIBezierPath+YKBezierPath.m */,
				819BB96222E0135C0039A34B /* CAShapeLayer+YKLineLayer.h */,
				819BB96322E0135C0039A34B /* CATextLayer+DateTextLayer.h */,
				819BB96422E0135C0039A34B /* CAShapeLayer+YKCandleLayer.m */,
				819BB96522E0135C0039A34B /* CAShapeLayer+YKLineLayer.m */,
				819BB96622E0135C0039A34B /* UIBezierPath+YKBezierPath.h */,
				819BB96722E0135C0039A34B /* CAShapeLayer+YKCandleLayer.h */,
				819BB96822E0135C0039A34B /* CATextLayer+DateTextLayer.m */,
			);
			path = Category;
			sourceTree = "<group>";
		};
		819BB96922E0135C0039A34B /* Constant */ = {
			isa = PBXGroup;
			children = (
				819BB96A22E0135C0039A34B /* Y_StockChartConstant.h */,
			);
			path = Constant;
			sourceTree = "<group>";
		};
		819BB96B22E0135C0039A34B /* Theme */ = {
			isa = PBXGroup;
			children = (
				819BB96C22E0135C0039A34B /* UIColor+Y_StockChart.h */,
				819BB96D22E0135C0039A34B /* UIColor+Y_StockChart.m */,
			);
			path = Theme;
			sourceTree = "<group>";
		};
		819BB96F22E0135C0039A34B /* DeepView */ = {
			isa = PBXGroup;
			children = (
				819BB97122E0135C0039A34B /* CFDeepView.h */,
				819BB97222E0135C0039A34B /* CFCursorView.h */,
				819BB97322E0135C0039A34B /* CFCursorView.m */,
				819BB97422E0135C0039A34B /* CFDeepView.m */,
			);
			path = DeepView;
			sourceTree = "<group>";
		};
		819BB97622E0135C0039A34B /* KLine */ = {
			isa = PBXGroup;
			children = (
				819BB97722E0135C0039A34B /* KLine_MAView */,
				819BB97A22E0135C0039A34B /* Y_KLineView.m */,
				819BB97B22E0135C0039A34B /* PriceView */,
				819BB97E22E0135C0039A34B /* BTKLineTipBoardView.h */,
				819BB97F22E0135C0039A34B /* Volume_MAView */,
				819BB98222E0135C0039A34B /* AccessoryView */,
				819BB98822E0135C0039A34B /* Accessory_MAView */,
				819BB98B22E0135C0039A34B /* Model */,
				819BB99522E0135C0039A34B /* Y_KLineView.h */,
				819BB99622E0135C0039A34B /* VolumeView */,
				819BB99C22E0135C0039A34B /* MainKLineView */,
				819BB9A422E0135C0039A34B /* BTKLineTipBoardView.m */,
				819BB9A522E0135C0039A34B /* SegmentView */,
			);
			path = KLine;
			sourceTree = "<group>";
		};
		819BB97722E0135C0039A34B /* KLine_MAView */ = {
			isa = PBXGroup;
			children = (
				819BB97822E0135C0039A34B /* Y_KLineMAView.h */,
				819BB97922E0135C0039A34B /* Y_KLineMAView.m */,
			);
			path = KLine_MAView;
			sourceTree = "<group>";
		};
		819BB97B22E0135C0039A34B /* PriceView */ = {
			isa = PBXGroup;
			children = (
				819BB97C22E0135C0039A34B /* Y_StockChartRightYView.m */,
				819BB97D22E0135C0039A34B /* Y_StockChartRightYView.h */,
			);
			path = PriceView;
			sourceTree = "<group>";
		};
		819BB97F22E0135C0039A34B /* Volume_MAView */ = {
			isa = PBXGroup;
			children = (
				819BB98022E0135C0039A34B /* Y_VolumeMAView.h */,
				819BB98122E0135C0039A34B /* Y_VolumeMAView.m */,
			);
			path = Volume_MAView;
			sourceTree = "<group>";
		};
		819BB98222E0135C0039A34B /* AccessoryView */ = {
			isa = PBXGroup;
			children = (
				819BB98322E0135C0039A34B /* Y_KLineAccessoryView.m */,
				819BB98422E0135C0039A34B /* Line */,
				819BB98722E0135C0039A34B /* Y_KLineAccessoryView.h */,
			);
			path = AccessoryView;
			sourceTree = "<group>";
		};
		819BB98422E0135C0039A34B /* Line */ = {
			isa = PBXGroup;
			children = (
				819BB98522E0135C0039A34B /* Y_KLineAccessory.h */,
				819BB98622E0135C0039A34B /* Y_KLineAccessory.m */,
			);
			path = Line;
			sourceTree = "<group>";
		};
		819BB98822E0135C0039A34B /* Accessory_MAView */ = {
			isa = PBXGroup;
			children = (
				819BB98922E0135C0039A34B /* Y_AccessoryMAView.m */,
				819BB98A22E0135C0039A34B /* Y_AccessoryMAView.h */,
			);
			path = Accessory_MAView;
			sourceTree = "<group>";
		};
		819BB98B22E0135C0039A34B /* Model */ = {
			isa = PBXGroup;
			children = (
				819BB98C22E0135C0039A34B /* KLineModel */,
			);
			path = Model;
			sourceTree = "<group>";
		};
		819BB98C22E0135C0039A34B /* KLineModel */ = {
			isa = PBXGroup;
			children = (
				819BB98D22E0135C0039A34B /* Y_KLinePositionModel.m */,
				819BB98E22E0135C0039A34B /* Y_KLineModel.h */,
				819BB98F22E0135C0039A34B /* Y_KLineGroupModel.h */,
				819BB99022E0135C0039A34B /* Y_KLineVolumePositionModel.h */,
				819BB99122E0135C0039A34B /* Y_KLinePositionModel.h */,
				819BB99222E0135C0039A34B /* Y_KLineModel.m */,
				819BB99322E0135C0039A34B /* Y_KLineGroupModel.m */,
				819BB99422E0135C0039A34B /* Y_KLineVolumePositionModel.m */,
			);
			path = KLineModel;
			sourceTree = "<group>";
		};
		819BB99622E0135C0039A34B /* VolumeView */ = {
			isa = PBXGroup;
			children = (
				819BB99722E0135C0039A34B /* Y_KLineVolumeView.m */,
				819BB99822E0135C0039A34B /* Line */,
				819BB99B22E0135C0039A34B /* Y_KLineVolumeView.h */,
			);
			path = VolumeView;
			sourceTree = "<group>";
		};
		819BB99822E0135C0039A34B /* Line */ = {
			isa = PBXGroup;
			children = (
				819BB99922E0135C0039A34B /* Y_KLineVolume.m */,
				819BB99A22E0135C0039A34B /* Y_KLineVolume.h */,
			);
			path = Line;
			sourceTree = "<group>";
		};
		819BB99C22E0135C0039A34B /* MainKLineView */ = {
			isa = PBXGroup;
			children = (
				819BB99D22E0135C0039A34B /* Y_KLineMainView.m */,
				819BB99E22E0135C0039A34B /* Line */,
				819BB9A322E0135C0039A34B /* Y_KLineMainView.h */,
			);
			path = MainKLineView;
			sourceTree = "<group>";
		};
		819BB99E22E0135C0039A34B /* Line */ = {
			isa = PBXGroup;
			children = (
				819BB99F22E0135C0039A34B /* Y_MALine.h */,
				819BB9A022E0135C0039A34B /* Y_KLine.h */,
				819BB9A122E0135C0039A34B /* Y_MALine.m */,
				819BB9A222E0135C0039A34B /* Y_KLine.m */,
			);
			path = Line;
			sourceTree = "<group>";
		};
		819BB9A522E0135C0039A34B /* SegmentView */ = {
			isa = PBXGroup;
			children = (
				819BB9A622E0135C0039A34B /* Y_StockChartSegmentView.m */,
				819BB9A722E0135C0039A34B /* Y_StockChartSegmentView.h */,
			);
			path = SegmentView;
			sourceTree = "<group>";
		};
		819BB9D522E014330039A34B /* Other */ = {
			isa = PBXGroup;
			children = (
				819BBA6C22E073370039A34B /* Util.h */,
				819BBA6D22E073370039A34B /* Util.m */,
				819BBA4722E0232D0039A34B /* UIButton+WHButton.h */,
				819BBA4622E0232D0039A34B /* UIButton+WHButton.m */,
				819BBA4422E0209E0039A34B /* UIViewController+INMOChildViewControlers.h */,
				819BBA4322E0209E0039A34B /* UIViewController+INMOChildViewControlers.m */,
				819BBA3D22E01AB60039A34B /* NSString+WH.h */,
				819BBA3E22E01AB60039A34B /* NSString+WH.m */,
				819BBA3A22E01AA10039A34B /* UILabel+TextSpace.h */,
				819BBA3B22E01AA10039A34B /* UILabel+TextSpace.m */,
				819BBA3722E01A700039A34B /* UIView+tap.h */,
				819BBA3822E01A710039A34B /* UIView+tap.m */,
				819BBA2722E017750039A34B /* UIButton+ImageTitleSpacing.h */,
				819BBA2822E017750039A34B /* UIButton+ImageTitleSpacing.m */,
				819BB9D722E014540039A34B /* CommonMethod.h */,
				819BB9D622E014540039A34B /* CommonMethod.m */,
				819BBA2D22E018980039A34B /* UIView+Extension.h */,
				819BBA2E22E018980039A34B /* UIView+Extension.m */,
			);
			path = Other;
			sourceTree = "<group>";
		};
		819BBA3022E019010039A34B /* Model */ = {
			isa = PBXGroup;
			children = (
				819BBA3122E0191D0039A34B /* BTMarketModel.h */,
				819BBA3222E0191D0039A34B /* BTMarketModel.m */,
				819BBA3422E019300039A34B /* BTDealMarketModel.h */,
				819BBA3522E019300039A34B /* BTDealMarketModel.m */,
				819BBA2A22E0184C0039A34B /* BTBiModel.h */,
				819BBA2B22E0184C0039A34B /* BTBiModel.m */,
			);
			path = Model;
			sourceTree = "<group>";
		};
		85B116E365012CC184153564 /* Pods */ = {
			isa = PBXGroup;
			children = (
				AB873E334F5C61E41BDC06C8 /* Pods-KLineDemo.debug.xcconfig */,
				B58B6206D0812AC14A4F5282 /* Pods-KLineDemo.release.xcconfig */,
			);
			path = Pods;
			sourceTree = "<group>";
		};
		A580F28969678689102500DB /* Frameworks */ = {
			isa = PBXGroup;
			children = (
				213A3B90F650AE94C6D8EFCB /* libPods-KLineDemo.a */,
			);
			name = Frameworks;
			sourceTree = "<group>";
		};
/* End PBXGroup section */

/* Begin PBXNativeTarget section */
		819BB91C22E013330039A34B /* KLineDemo */ = {
			isa = PBXNativeTarget;
			buildConfigurationList = 819BB93322E013350039A34B /* Build configuration list for PBXNativeTarget "KLineDemo" */;
			buildPhases = (
				3F59B5D392E7F918241F46EC /* [CP] Check Pods Manifest.lock */,
				819BB91922E013330039A34B /* Sources */,
				819BB91A22E013330039A34B /* Frameworks */,
				819BB91B22E013330039A34B /* Resources */,
			);
			buildRules = (
			);
			dependencies = (
			);
			name = KLineDemo;
			productName = KLineDemo;
			productReference = 819BB91D22E013330039A34B /* KLineDemo.app */;
			productType = "com.apple.product-type.application";
		};
/* End PBXNativeTarget section */

/* Begin PBXProject section */
		819BB91522E013330039A34B /* Project object */ = {
			isa = PBXProject;
			attributes = {
				LastUpgradeCheck = 1020;
				ORGANIZATIONNAME = www.KlineDemo.com;
				TargetAttributes = {
					819BB91C22E013330039A34B = {
						CreatedOnToolsVersion = 10.2.1;
					};
				};
			};
			buildConfigurationList = 819BB91822E013330039A34B /* Build configuration list for PBXProject "KLineDemo" */;
			compatibilityVersion = "Xcode 9.3";
			developmentRegion = en;
			hasScannedForEncodings = 0;
			knownRegions = (
				en,
				Base,
			);
			mainGroup = 819BB91422E013330039A34B;
			productRefGroup = 819BB91E22E013330039A34B /* Products */;
			projectDirPath = "";
			projectRoot = "";
			targets = (
				819BB91C22E013330039A34B /* KLineDemo */,
			);
		};
/* End PBXProject section */

/* Begin PBXResourcesBuildPhase section */
		819BB91B22E013330039A34B /* Resources */ = {
			isa = PBXResourcesBuildPhase;
			buildActionMask = 2147483647;
			files = (
				819BB92D22E013350039A34B /* LaunchScreen.storyboard in Resources */,
				6D5F3D2F244EC6EC0064E258 /* KLineLocalJsonData.json in Resources */,
				819BB92A22E013350039A34B /* Assets.xcassets in Resources */,
			);
			runOnlyForDeploymentPostprocessing = 0;
		};
/* End PBXResourcesBuildPhase section */

/* Begin PBXShellScriptBuildPhase section */
		3F59B5D392E7F918241F46EC /* [CP] Check Pods Manifest.lock */ = {
			isa = PBXShellScriptBuildPhase;
			buildActionMask = 2147483647;
			files = (
			);
			inputFileListPaths = (
			);
			inputPaths = (
				"${PODS_PODFILE_DIR_PATH}/Podfile.lock",
				"${PODS_ROOT}/Manifest.lock",
			);
			name = "[CP] Check Pods Manifest.lock";
			outputFileListPaths = (
			);
			outputPaths = (
				"$(DERIVED_FILE_DIR)/Pods-KLineDemo-checkManifestLockResult.txt",
			);
			runOnlyForDeploymentPostprocessing = 0;
			shellPath = /bin/sh;
			shellScript = "diff \"${PODS_PODFILE_DIR_PATH}/Podfile.lock\" \"${PODS_ROOT}/Manifest.lock\" > /dev/null\nif [ $? != 0 ] ; then\n    # print error to STDERR\n    echo \"error: The sandbox is not in sync with the Podfile.lock. Run 'pod install' or update your CocoaPods installation.\" >&2\n    exit 1\nfi\n# This output is used by Xcode 'outputs' to avoid re-running this script phase.\necho \"SUCCESS\" > \"${SCRIPT_OUTPUT_FILE_0}\"\n";
			showEnvVarsInLog = 0;
		};
/* End PBXShellScriptBuildPhase section */

/* Begin PBXSourcesBuildPhase section */
		819BB91922E013330039A34B /* Sources */ = {
			isa = PBXSourcesBuildPhase;
			buildActionMask = 2147483647;
			files = (
				819BB9CC22E0135C0039A34B /* Y_KLineVolumePositionModel.m in Sources */,
				819BB9BA22E0135C0039A34B /* CAShapeLayer+YKCandleLayer.m in Sources */,
				819BBA3C22E01AA10039A34B /* UILabel+TextSpace.m in Sources */,
				819BB9A922E0135C0039A34B /* LineKFullScreenViewController.m in Sources */,
				819BB9D822E014540039A34B /* CommonMethod.m in Sources */,
				819BB9CE22E0135C0039A34B /* Y_KLineVolume.m in Sources */,
				819BB92522E013330039A34B /* ViewController.m in Sources */,
				819BB93022E013350039A34B /* main.m in Sources */,
				819BB9C722E0135C0039A34B /* Y_KLineAccessory.m in Sources */,
				819BB9BC22E0135C0039A34B /* CATextLayer+DateTextLayer.m in Sources */,
				819BB9B922E0135C0039A34B /* UIBezierPath+YKBezierPath.m in Sources */,
				819BBA2C22E0184C0039A34B /* BTBiModel.m in Sources */,
				819BBA3622E019300039A34B /* BTDealMarketModel.m in Sources */,
				819BBA3922E01A710039A34B /* UIView+tap.m in Sources */,
				819BB9C822E0135C0039A34B /* Y_AccessoryMAView.m in Sources */,
				819BBA2922E017750039A34B /* UIButton+ImageTitleSpacing.m in Sources */,
				819BB9BB22E0135C0039A34B /* CAShapeLayer+YKLineLayer.m in Sources */,
				819BB9BD22E0135C0039A34B /* UIColor+Y_StockChart.m in Sources */,
				819BB9C622E0135C0039A34B /* Y_KLineAccessoryView.m in Sources */,
				819BB9C122E0135C0039A34B /* CFDeepView.m in Sources */,
				819BB9AA22E0135C0039A34B /* BTTargetView.m in Sources */,
				819BB9C922E0135C0039A34B /* Y_KLinePositionModel.m in Sources */,
				819BB9B822E0135C0039A34B /* Y_StockChartGlobalVariable.m in Sources */,
				819BB9C422E0135C0039A34B /* Y_StockChartRightYView.m in Sources */,
				819BB9CA22E0135C0039A34B /* Y_KLineModel.m in Sources */,
				819BBA4522E0209E0039A34B /* UIViewController+INMOChildViewControlers.m in Sources */,
				819BB9C222E0135C0039A34B /* Y_KLineMAView.m in Sources */,
				819BBA4822E0232D0039A34B /* UIButton+WHButton.m in Sources */,
				819BB9D322E0135C0039A34B /* Y_StockChartSegmentView.m in Sources */,
				819BB9CB22E0135C0039A34B /* Y_KLineGroupModel.m in Sources */,
				819BB9D222E0135C0039A34B /* BTKLineTipBoardView.m in Sources */,
				819BB9CF22E0135C0039A34B /* Y_KLineMainView.m in Sources */,
				819BB9B522E0135C0039A34B /* BTScreenshotsPopView.m in Sources */,
				819BBA2F22E018980039A34B /* UIView+Extension.m in Sources */,
				819BB9C522E0135C0039A34B /* Y_VolumeMAView.m in Sources */,
				819BBA4222E01CA70039A34B /* FDNetworkHelper.m in Sources */,
				819BB9D022E0135C0039A34B /* Y_MALine.m in Sources */,
				819BB9CD22E0135C0039A34B /* Y_KLineVolumeView.m in Sources */,
				819BB9C322E0135C0039A34B /* Y_KLineView.m in Sources */,
				819BB9C022E0135C0039A34B /* CFCursorView.m in Sources */,
				819BB9A822E0135C0039A34B /* BTStockChartViewController.m in Sources */,
				819BBA3F22E01AB60039A34B /* NSString+WH.m in Sources */,
				819BB9D122E0135C0039A34B /* Y_KLine.m in Sources */,
				819BB92222E013330039A34B /* AppDelegate.m in Sources */,
				819BBA3322E0191D0039A34B /* BTMarketModel.m in Sources */,
				819BB9BE22E0135C0039A34B /* Y_StockChartView.m in Sources */,
				819BB9AB22E0135C0039A34B /* BTBiInfoModel.m in Sources */,
				819BBA6E22E073370039A34B /* Util.m in Sources */,
			);
			runOnlyForDeploymentPostprocessing = 0;
		};
/* End PBXSourcesBuildPhase section */

/* Begin PBXVariantGroup section */
		819BB92B22E013350039A34B /* LaunchScreen.storyboard */ = {
			isa = PBXVariantGroup;
			children = (
				819BB92C22E013350039A34B /* Base */,
			);
			name = LaunchScreen.storyboard;
			sourceTree = "<group>";
		};
/* End PBXVariantGroup section */

/* Begin XCBuildConfiguration section */
		819BB93122E013350039A34B /* Debug */ = {
			isa = XCBuildConfiguration;
			buildSettings = {
				ALWAYS_SEARCH_USER_PATHS = NO;
				CLANG_ANALYZER_NONNULL = YES;
				CLANG_ANALYZER_NUMBER_OBJECT_CONVERSION = YES_AGGRESSIVE;
				CLANG_CXX_LANGUAGE_STANDARD = "gnu++14";
				CLANG_CXX_LIBRARY = "libc++";
				CLANG_ENABLE_MODULES = YES;
				CLANG_ENABLE_OBJC_ARC = YES;
				CLANG_ENABLE_OBJC_WEAK = YES;
				CLANG_WARN_BLOCK_CAPTURE_AUTORELEASING = YES;
				CLANG_WARN_BOOL_CONVERSION = YES;
				CLANG_WARN_COMMA = YES;
				CLANG_WARN_CONSTANT_CONVERSION = YES;
				CLANG_WARN_DEPRECATED_OBJC_IMPLEMENTATIONS = YES;
				CLANG_WARN_DIRECT_OBJC_ISA_USAGE = YES_ERROR;
				CLANG_WARN_DOCUMENTATION_COMMENTS = YES;
				CLANG_WARN_EMPTY_BODY = YES;
				CLANG_WARN_ENUM_CONVERSION = YES;
				CLANG_WARN_INFINITE_RECURSION = YES;
				CLANG_WARN_INT_CONVERSION = YES;
				CLANG_WARN_NON_LITERAL_NULL_CONVERSION = YES;
				CLANG_WARN_OBJC_IMPLICIT_RETAIN_SELF = YES;
				CLANG_WARN_OBJC_LITERAL_CONVERSION = YES;
				CLANG_WARN_OBJC_ROOT_CLASS = YES_ERROR;
				CLANG_WARN_RANGE_LOOP_ANALYSIS = YES;
				CLANG_WARN_STRICT_PROTOTYPES = YES;
				CLANG_WARN_SUSPICIOUS_MOVE = YES;
				CLANG_WARN_UNGUARDED_AVAILABILITY = YES_AGGRESSIVE;
				CLANG_WARN_UNREACHABLE_CODE = YES;
				CLANG_WARN__DUPLICATE_METHOD_MATCH = YES;
				CODE_SIGN_IDENTITY = "iPhone Developer";
				COPY_PHASE_STRIP = NO;
				DEBUG_INFORMATION_FORMAT = dwarf;
				ENABLE_STRICT_OBJC_MSGSEND = YES;
				ENABLE_TESTABILITY = YES;
				GCC_C_LANGUAGE_STANDARD = gnu11;
				GCC_DYNAMIC_NO_PIC = NO;
				GCC_NO_COMMON_BLOCKS = YES;
				GCC_OPTIMIZATION_LEVEL = 0;
				GCC_PREPROCESSOR_DEFINITIONS = (
					"DEBUG=1",
					"$(inherited)",
				);
				GCC_WARN_64_TO_32_BIT_CONVERSION = YES;
				GCC_WARN_ABOUT_RETURN_TYPE = YES_ERROR;
				GCC_WARN_UNDECLARED_SELECTOR = YES;
				GCC_WARN_UNINITIALIZED_AUTOS = YES_AGGRESSIVE;
				GCC_WARN_UNUSED_FUNCTION = YES;
				GCC_WARN_UNUSED_VARIABLE = YES;
				IPHONEOS_DEPLOYMENT_TARGET = 12.2;
				MTL_ENABLE_DEBUG_INFO = INCLUDE_SOURCE;
				MTL_FAST_MATH = YES;
				ONLY_ACTIVE_ARCH = YES;
				SDKROOT = iphoneos;
			};
			name = Debug;
		};
		819BB93222E013350039A34B /* Release */ = {
			isa = XCBuildConfiguration;
			buildSettings = {
				ALWAYS_SEARCH_USER_PATHS = NO;
				CLANG_ANALYZER_NONNULL = YES;
				CLANG_ANALYZER_NUMBER_OBJECT_CONVERSION = YES_AGGRESSIVE;
				CLANG_CXX_LANGUAGE_STANDARD = "gnu++14";
				CLANG_CXX_LIBRARY = "libc++";
				CLANG_ENABLE_MODULES = YES;
				CLANG_ENABLE_OBJC_ARC = YES;
				CLANG_ENABLE_OBJC_WEAK = YES;
				CLANG_WARN_BLOCK_CAPTURE_AUTORELEASING = YES;
				CLANG_WARN_BOOL_CONVERSION = YES;
				CLANG_WARN_COMMA = YES;
				CLANG_WARN_CONSTANT_CONVERSION = YES;
				CLANG_WARN_DEPRECATED_OBJC_IMPLEMENTATIONS = YES;
				CLANG_WARN_DIRECT_OBJC_ISA_USAGE = YES_ERROR;
				CLANG_WARN_DOCUMENTATION_COMMENTS = YES;
				CLANG_WARN_EMPTY_BODY = YES;
				CLANG_WARN_ENUM_CONVERSION = YES;
				CLANG_WARN_INFINITE_RECURSION = YES;
				CLANG_WARN_INT_CONVERSION = YES;
				CLANG_WARN_NON_LITERAL_NULL_CONVERSION = YES;
				CLANG_WARN_OBJC_IMPLICIT_RETAIN_SELF = YES;
				CLANG_WARN_OBJC_LITERAL_CONVERSION = YES;
				CLANG_WARN_OBJC_ROOT_CLASS = YES_ERROR;
				CLANG_WARN_RANGE_LOOP_ANALYSIS = YES;
				CLANG_WARN_STRICT_PROTOTYPES = YES;
				CLANG_WARN_SUSPICIOUS_MOVE = YES;
				CLANG_WARN_UNGUARDED_AVAILABILITY = YES_AGGRESSIVE;
				CLANG_WARN_UNREACHABLE_CODE = YES;
				CLANG_WARN__DUPLICATE_METHOD_MATCH = YES;
				CODE_SIGN_IDENTITY = "iPhone Developer";
				COPY_PHASE_STRIP = NO;
				DEBUG_INFORMATION_FORMAT = "dwarf-with-dsym";
				ENABLE_NS_ASSERTIONS = NO;
				ENABLE_STRICT_OBJC_MSGSEND = YES;
				GCC_C_LANGUAGE_STANDARD = gnu11;
				GCC_NO_COMMON_BLOCKS = YES;
				GCC_WARN_64_TO_32_BIT_CONVERSION = YES;
				GCC_WARN_ABOUT_RETURN_TYPE = YES_ERROR;
				GCC_WARN_UNDECLARED_SELECTOR = YES;
				GCC_WARN_UNINITIALIZED_AUTOS = YES_AGGRESSIVE;
				GCC_WARN_UNUSED_FUNCTION = YES;
				GCC_WARN_UNUSED_VARIABLE = YES;
				IPHONEOS_DEPLOYMENT_TARGET = 12.2;
				MTL_ENABLE_DEBUG_INFO = NO;
				MTL_FAST_MATH = YES;
				SDKROOT = iphoneos;
				VALIDATE_PRODUCT = YES;
			};
			name = Release;
		};
		819BB93422E013350039A34B /* Debug */ = {
			isa = XCBuildConfiguration;
			baseConfigurationReference = AB873E334F5C61E41BDC06C8 /* Pods-KLineDemo.debug.xcconfig */;
			buildSettings = {
				ASSETCATALOG_COMPILER_APPICON_NAME = AppIcon;
				CODE_SIGN_STYLE = Automatic;
				DEVELOPMENT_TEAM = PZFJ6V7NAN;
				GCC_PRECOMPILE_PREFIX_HEADER = YES;
				GCC_PREFIX_HEADER = "$(SRCROOT)/KLineDemo/KlineDemo.pch";
				INFOPLIST_FILE = KLineDemo/Info.plist;
				LD_RUNPATH_SEARCH_PATHS = (
					"$(inherited)",
					"@executable_path/Frameworks",
				);
				PRODUCT_BUNDLE_IDENTIFIER = com.KLine.iOS.KLineDemo;
				PRODUCT_NAME = "$(TARGET_NAME)";
				TARGETED_DEVICE_FAMILY = 1;
			};
			name = Debug;
		};
		819BB93522E013350039A34B /* Release */ = {
			isa = XCBuildConfiguration;
			baseConfigurationReference = B58B6206D0812AC14A4F5282 /* Pods-KLineDemo.release.xcconfig */;
			buildSettings = {
				ASSETCATALOG_COMPILER_APPICON_NAME = AppIcon;
				CODE_SIGN_STYLE = Automatic;
				DEVELOPMENT_TEAM = PZFJ6V7NAN;
				GCC_PRECOMPILE_PREFIX_HEADER = YES;
				GCC_PREFIX_HEADER = "$(SRCROOT)/KLineDemo/KlineDemo.pch";
				INFOPLIST_FILE = KLineDemo/Info.plist;
				LD_RUNPATH_SEARCH_PATHS = (
					"$(inherited)",
					"@executable_path/Frameworks",
				);
				PRODUCT_BUNDLE_IDENTIFIER = com.KLine.iOS.KLineDemo;
				PRODUCT_NAME = "$(TARGET_NAME)";
				TARGETED_DEVICE_FAMILY = 1;
			};
			name = Release;
		};
/* End XCBuildConfiguration section */

/* Begin XCConfigurationList section */
		819BB91822E013330039A34B /* Build configuration list for PBXProject "KLineDemo" */ = {
			isa = XCConfigurationList;
			buildConfigurations = (
				819BB93122E013350039A34B /* Debug */,
				819BB93222E013350039A34B /* Release */,
			);
			defaultConfigurationIsVisible = 0;
			defaultConfigurationName = Release;
		};
		819BB93322E013350039A34B /* Build configuration list for PBXNativeTarget "KLineDemo" */ = {
			isa = XCConfigurationList;
			buildConfigurations = (
				819BB93422E013350039A34B /* Debug */,
				819BB93522E013350039A34B /* Release */,
			);
			defaultConfigurationIsVisible = 0;
			defaultConfigurationName = Release;
		};
/* End XCConfigurationList section */
	};
	rootObject = 819BB91522E013330039A34B /* Project object */;
}
